// !$*UTF8*$!
{
	archiveVersion = 1;
	classes = {
	};
	objectVersion = 54;
	objects = {

/* Begin PBXBuildFile section */
		00E356F31AD99517003FC87E /* DigitalLibraryTests.m in Sources */ = {isa = PBXBuildFile; fileRef = 00E356F21AD99517003FC87E /* DigitalLibraryTests.m */; };
		13B07FBC1A68108700A75B9A /* AppDelegate.m in Sources */ = {isa = PBXBuildFile; fileRef = 13B07FB01A68108700A75B9A /* AppDelegate.m */; };
		13B07FBF1A68108700A75B9A /* Images.xcassets in Resources */ = {isa = PBXBuildFile; fileRef = 13B07FB51A68108700A75B9A /* Images.xcassets */; };
		13B07FC11A68108700A75B9A /* main.m in Sources */ = {isa = PBXBuildFile; fileRef = 13B07FB71A68108700A75B9A /* main.m */; };
		17C5AD79B39245BC9BBC288A /* Roboto-Light.ttf in Resources */ = {isa = PBXBuildFile; fileRef = A7B9F418B01844639BFD50DE /* Roboto-Light.ttf */; };
		220F22E2F57A4C2C8BFB17EF /* Roboto-Italic.ttf in Resources */ = {isa = PBXBuildFile; fileRef = 48369FBEA88C4D09A3AD3999 /* Roboto-Italic.ttf */; };
		2497720D0BB54AA7987BD660 /* RobotoMono-Thin.ttf in Resources */ = {isa = PBXBuildFile; fileRef = EE97838071E340859D39FA7C /* RobotoMono-Thin.ttf */; };
		27F0DCE7473F4FC7914AEDAA /* RobotoMono-ExtraLightItalic.ttf in Resources */ = {isa = PBXBuildFile; fileRef = C45D08A0DAA04C43B576FF86 /* RobotoMono-ExtraLightItalic.ttf */; };
		291FA7197A55467C98389F73 /* Roboto-BlackItalic.ttf in Resources */ = {isa = PBXBuildFile; fileRef = 12CB9C72EA2D4C0F8E9A9E27 /* Roboto-BlackItalic.ttf */; };
		2E999A3FD8534AB8836A4787 /* Roboto-MediumItalic.ttf in Resources */ = {isa = PBXBuildFile; fileRef = EF11880062154226ACF372E6 /* Roboto-MediumItalic.ttf */; };
		37C81BEE8C1248C58ACEB140 /* RobotoMono-Light.ttf in Resources */ = {isa = PBXBuildFile; fileRef = 45B50A0D3DF1468FB5F1E7C3 /* RobotoMono-Light.ttf */; };
		539BD28FDCE041B3827E96F6 /* RobotoMono-BoldItalic.ttf in Resources */ = {isa = PBXBuildFile; fileRef = A4F50DC27F454C24A5BD7BFA /* RobotoMono-BoldItalic.ttf */; };
		5EAEB40EE4394C77A11A5488 /* Roboto-Medium.ttf in Resources */ = {isa = PBXBuildFile; fileRef = AE9F09B63FAC4272A604A02A /* Roboto-Medium.ttf */; };
		724BA24649BA449984EB4186 /* RobotoMono-Italic.ttf in Resources */ = {isa = PBXBuildFile; fileRef = D1D62D52B4ED49A68726CA84 /* RobotoMono-Italic.ttf */; };
		7FFA5E3EDC3745D3BF08916B /* RobotoMono-ExtraLight.ttf in Resources */ = {isa = PBXBuildFile; fileRef = A4AD971A8157469A98AE2159 /* RobotoMono-ExtraLight.ttf */; };
		81AB9BB82411601600AC10FF /* LaunchScreen.storyboard in Resources */ = {isa = PBXBuildFile; fileRef = 81AB9BB72411601600AC10FF /* LaunchScreen.storyboard */; };
		8E2DEC0DA19A4F80ABBB7235 /* Roboto-Black.ttf in Resources */ = {isa = PBXBuildFile; fileRef = 5EEF18F5020A4550829423AA /* Roboto-Black.ttf */; };
		8E431704AA54899BDF98B911 /* libPods-DigitalLibrary.a in Frameworks */ = {isa = PBXBuildFile; fileRef = E32D563985BD5FA90ACD88FB /* libPods-DigitalLibrary.a */; };
		93C0286AD9B0498E82C37C72 /* Roboto-Regular.ttf in Resources */ = {isa = PBXBuildFile; fileRef = 0C23F0489D9C49CC94953AC6 /* Roboto-Regular.ttf */; };
		AA20C85316423EBCA223AD0D /* libPods-DigitalLibrary-DigitalLibraryTests.a in Frameworks */ = {isa = PBXBuildFile; fileRef = A9874D504D4B0719A3AB20F6 /* libPods-DigitalLibrary-DigitalLibraryTests.a */; };
		AD957EF671C64B4A9FDF996B /* Roboto-ThinItalic.ttf in Resources */ = {isa = PBXBuildFile; fileRef = E49ECC8E425C450AA43F1855 /* Roboto-ThinItalic.ttf */; };
		B0024D0E3FCC411E857ACFD6 /* RobotoMono-SemiBoldItalic.ttf in Resources */ = {isa = PBXBuildFile; fileRef = 3EF2BA4A37754EAEB1B98B45 /* RobotoMono-SemiBoldItalic.ttf */; };
		B0476F7A001E4D80A1313F38 /* RobotoMono-LightItalic.ttf in Resources */ = {isa = PBXBuildFile; fileRef = 18993D1C8D4848638B492862 /* RobotoMono-LightItalic.ttf */; };
		B2715C063079477B851200CD /* RobotoMono-Bold.ttf in Resources */ = {isa = PBXBuildFile; fileRef = 78A6B9FE66294C5F8D74E099 /* RobotoMono-Bold.ttf */; };
		BFDD4F55A9544857AA936EC8 /* Roboto-BoldItalic.ttf in Resources */ = {isa = PBXBuildFile; fileRef = BC077F77A41245FE96F6293F /* Roboto-BoldItalic.ttf */; };
		C23AA2A636B6496E92CD8B15 /* Roboto-Thin.ttf in Resources */ = {isa = PBXBuildFile; fileRef = 9D72E48E8426422B97D5627D /* Roboto-Thin.ttf */; };
		CB49592986414C288138BB34 /* RobotoMono-ThinItalic.ttf in Resources */ = {isa = PBXBuildFile; fileRef = 9933D596F70C43E2BEC6F023 /* RobotoMono-ThinItalic.ttf */; };
		CF1395E09B644FF58AB37A3F /* Roboto-Bold.ttf in Resources */ = {isa = PBXBuildFile; fileRef = 2146FB87C3D74276B1EFAC8D /* Roboto-Bold.ttf */; };
		DCD8FEA0535947628698BB23 /* RobotoMono-Regular.ttf in Resources */ = {isa = PBXBuildFile; fileRef = 20D39D3A4B744D6AA1468543 /* RobotoMono-Regular.ttf */; };
		E1E0B7A1C93A4C2FA6F09E98 /* RobotoMono-MediumItalic.ttf in Resources */ = {isa = PBXBuildFile; fileRef = 53BB2D01875F41DFA903772F /* RobotoMono-MediumItalic.ttf */; };
		EAF8266EF4C840C6AA500D5F /* RobotoMono-Medium.ttf in Resources */ = {isa = PBXBuildFile; fileRef = 16FD7606D2DA4422A8DEA3F0 /* RobotoMono-Medium.ttf */; };
		F420F3E3AB5B436DA0DBCBFC /* Roboto-LightItalic.ttf in Resources */ = {isa = PBXBuildFile; fileRef = 2043D446102D4ADD8F2FD389 /* Roboto-LightItalic.ttf */; };
		FAC21FE89CA9463F93C2F331 /* RobotoMono-SemiBold.ttf in Resources */ = {isa = PBXBuildFile; fileRef = 20F7B58F767843D4B169FE3D /* RobotoMono-SemiBold.ttf */; };
/* End PBXBuildFile section */

/* Begin PBXContainerItemProxy section */
		00E356F41AD99517003FC87E /* PBXContainerItemProxy */ = {
			isa = PBXContainerItemProxy;
			containerPortal = 83CBB9F71A601CBA00E9B192 /* Project object */;
			proxyType = 1;
			remoteGlobalIDString = 13B07F861A680F5B00A75B9A;
			remoteInfo = DigitalLibrary;
		};
/* End PBXContainerItemProxy section */

/* Begin PBXFileReference section */
		00E356EE1AD99517003FC87E /* DigitalLibraryTests.xctest */ = {isa = PBXFileReference; explicitFileType = wrapper.cfbundle; includeInIndex = 0; path = DigitalLibraryTests.xctest; sourceTree = BUILT_PRODUCTS_DIR; };
		00E356F11AD99517003FC87E /* Info.plist */ = {isa = PBXFileReference; lastKnownFileType = text.plist.xml; path = Info.plist; sourceTree = "<group>"; };
		00E356F21AD99517003FC87E /* DigitalLibraryTests.m */ = {isa = PBXFileReference; lastKnownFileType = sourcecode.c.objc; path = DigitalLibraryTests.m; sourceTree = "<group>"; };
		0C23F0489D9C49CC94953AC6 /* Roboto-Regular.ttf */ = {isa = PBXFileReference; explicitFileType = undefined; fileEncoding = 9; includeInIndex = 0; lastKnownFileType = unknown; name = "Roboto-Regular.ttf"; path = "../assets/fonts/Roboto/Roboto-Regular.ttf"; sourceTree = "<group>"; };
		12CB9C72EA2D4C0F8E9A9E27 /* Roboto-BlackItalic.ttf */ = {isa = PBXFileReference; explicitFileType = undefined; fileEncoding = 9; includeInIndex = 0; lastKnownFileType = unknown; name = "Roboto-BlackItalic.ttf"; path = "../assets/fonts/Roboto/Roboto-BlackItalic.ttf"; sourceTree = "<group>"; };
		13B07F961A680F5B00A75B9A /* DigitalLibrary.app */ = {isa = PBXFileReference; explicitFileType = wrapper.application; includeInIndex = 0; path = DigitalLibrary.app; sourceTree = BUILT_PRODUCTS_DIR; };
		13B07FAF1A68108700A75B9A /* AppDelegate.h */ = {isa = PBXFileReference; fileEncoding = 4; lastKnownFileType = sourcecode.c.h; name = AppDelegate.h; path = DigitalLibrary/AppDelegate.h; sourceTree = "<group>"; };
		13B07FB01A68108700A75B9A /* AppDelegate.m */ = {isa = PBXFileReference; fileEncoding = 4; lastKnownFileType = sourcecode.c.objc; name = AppDelegate.m; path = DigitalLibrary/AppDelegate.m; sourceTree = "<group>"; };
		13B07FB51A68108700A75B9A /* Images.xcassets */ = {isa = PBXFileReference; lastKnownFileType = folder.assetcatalog; name = Images.xcassets; path = DigitalLibrary/Images.xcassets; sourceTree = "<group>"; };
		13B07FB61A68108700A75B9A /* Info.plist */ = {isa = PBXFileReference; fileEncoding = 4; lastKnownFileType = text.plist.xml; name = Info.plist; path = DigitalLibrary/Info.plist; sourceTree = "<group>"; };
		13B07FB71A68108700A75B9A /* main.m */ = {isa = PBXFileReference; fileEncoding = 4; lastKnownFileType = sourcecode.c.objc; name = main.m; path = DigitalLibrary/main.m; sourceTree = "<group>"; };
		16FD7606D2DA4422A8DEA3F0 /* RobotoMono-Medium.ttf */ = {isa = PBXFileReference; explicitFileType = undefined; fileEncoding = 9; includeInIndex = 0; lastKnownFileType = unknown; name = "RobotoMono-Medium.ttf"; path = "../assets/fonts/RobotoMono-Medium.ttf"; sourceTree = "<group>"; };
		18993D1C8D4848638B492862 /* RobotoMono-LightItalic.ttf */ = {isa = PBXFileReference; explicitFileType = undefined; fileEncoding = 9; includeInIndex = 0; lastKnownFileType = unknown; name = "RobotoMono-LightItalic.ttf"; path = "../assets/fonts/RobotoMono-LightItalic.ttf"; sourceTree = "<group>"; };
		2043D446102D4ADD8F2FD389 /* Roboto-LightItalic.ttf */ = {isa = PBXFileReference; explicitFileType = undefined; fileEncoding = 9; includeInIndex = 0; lastKnownFileType = unknown; name = "Roboto-LightItalic.ttf"; path = "../assets/fonts/Roboto/Roboto-LightItalic.ttf"; sourceTree = "<group>"; };
		20D39D3A4B744D6AA1468543 /* RobotoMono-Regular.ttf */ = {isa = PBXFileReference; explicitFileType = undefined; fileEncoding = 9; includeInIndex = 0; lastKnownFileType = unknown; name = "RobotoMono-Regular.ttf"; path = "../assets/fonts/RobotoMono-Regular.ttf"; sourceTree = "<group>"; };
		20F7B58F767843D4B169FE3D /* RobotoMono-SemiBold.ttf */ = {isa = PBXFileReference; explicitFileType = undefined; fileEncoding = 9; includeInIndex = 0; lastKnownFileType = unknown; name = "RobotoMono-SemiBold.ttf"; path = "../assets/fonts/RobotoMono-SemiBold.ttf"; sourceTree = "<group>"; };
		2146FB87C3D74276B1EFAC8D /* Roboto-Bold.ttf */ = {isa = PBXFileReference; explicitFileType = undefined; fileEncoding = 9; includeInIndex = 0; lastKnownFileType = unknown; name = "Roboto-Bold.ttf"; path = "../assets/fonts/Roboto/Roboto-Bold.ttf"; sourceTree = "<group>"; };
		3EF2BA4A37754EAEB1B98B45 /* RobotoMono-SemiBoldItalic.ttf */ = {isa = PBXFileReference; explicitFileType = undefined; fileEncoding = 9; includeInIndex = 0; lastKnownFileType = unknown; name = "RobotoMono-SemiBoldItalic.ttf"; path = "../assets/fonts/RobotoMono-SemiBoldItalic.ttf"; sourceTree = "<group>"; };
		45B50A0D3DF1468FB5F1E7C3 /* RobotoMono-Light.ttf */ = {isa = PBXFileReference; explicitFileType = undefined; fileEncoding = 9; includeInIndex = 0; lastKnownFileType = unknown; name = "RobotoMono-Light.ttf"; path = "../assets/fonts/RobotoMono-Light.ttf"; sourceTree = "<group>"; };
		48369FBEA88C4D09A3AD3999 /* Roboto-Italic.ttf */ = {isa = PBXFileReference; explicitFileType = undefined; fileEncoding = 9; includeInIndex = 0; lastKnownFileType = unknown; name = "Roboto-Italic.ttf"; path = "../assets/fonts/Roboto/Roboto-Italic.ttf"; sourceTree = "<group>"; };
		53BB2D01875F41DFA903772F /* RobotoMono-MediumItalic.ttf */ = {isa = PBXFileReference; explicitFileType = undefined; fileEncoding = 9; includeInIndex = 0; lastKnownFileType = unknown; name = "RobotoMono-MediumItalic.ttf"; path = "../assets/fonts/RobotoMono-MediumItalic.ttf"; sourceTree = "<group>"; };
		5EEF18F5020A4550829423AA /* Roboto-Black.ttf */ = {isa = PBXFileReference; explicitFileType = undefined; fileEncoding = 9; includeInIndex = 0; lastKnownFileType = unknown; name = "Roboto-Black.ttf"; path = "../assets/fonts/Roboto/Roboto-Black.ttf"; sourceTree = "<group>"; };
		78A6B9FE66294C5F8D74E099 /* RobotoMono-Bold.ttf */ = {isa = PBXFileReference; explicitFileType = undefined; fileEncoding = 9; includeInIndex = 0; lastKnownFileType = unknown; name = "RobotoMono-Bold.ttf"; path = "../assets/fonts/RobotoMono-Bold.ttf"; sourceTree = "<group>"; };
		7CD291250CF1128FDDC4511A /* Pods-DigitalLibrary.debug.xcconfig */ = {isa = PBXFileReference; includeInIndex = 1; lastKnownFileType = text.xcconfig; name = "Pods-DigitalLibrary.debug.xcconfig"; path = "Target Support Files/Pods-DigitalLibrary/Pods-DigitalLibrary.debug.xcconfig"; sourceTree = "<group>"; };
		81AB9BB72411601600AC10FF /* LaunchScreen.storyboard */ = {isa = PBXFileReference; fileEncoding = 4; lastKnownFileType = file.storyboard; name = LaunchScreen.storyboard; path = DigitalLibrary/LaunchScreen.storyboard; sourceTree = "<group>"; };
		9933D596F70C43E2BEC6F023 /* RobotoMono-ThinItalic.ttf */ = {isa = PBXFileReference; explicitFileType = undefined; fileEncoding = 9; includeInIndex = 0; lastKnownFileType = unknown; name = "RobotoMono-ThinItalic.ttf"; path = "../assets/fonts/RobotoMono-ThinItalic.ttf"; sourceTree = "<group>"; };
		9D72E48E8426422B97D5627D /* Roboto-Thin.ttf */ = {isa = PBXFileReference; explicitFileType = undefined; fileEncoding = 9; includeInIndex = 0; lastKnownFileType = unknown; name = "Roboto-Thin.ttf"; path = "../assets/fonts/Roboto/Roboto-Thin.ttf"; sourceTree = "<group>"; };
		A1788369DD3C88C3D5809175 /* Pods-DigitalLibrary-DigitalLibraryTests.release.xcconfig */ = {isa = PBXFileReference; includeInIndex = 1; lastKnownFileType = text.xcconfig; name = "Pods-DigitalLibrary-DigitalLibraryTests.release.xcconfig"; path = "Target Support Files/Pods-DigitalLibrary-DigitalLibraryTests/Pods-DigitalLibrary-DigitalLibraryTests.release.xcconfig"; sourceTree = "<group>"; };
		A4AD971A8157469A98AE2159 /* RobotoMono-ExtraLight.ttf */ = {isa = PBXFileReference; explicitFileType = undefined; fileEncoding = 9; includeInIndex = 0; lastKnownFileType = unknown; name = "RobotoMono-ExtraLight.ttf"; path = "../assets/fonts/RobotoMono-ExtraLight.ttf"; sourceTree = "<group>"; };
		A4F50DC27F454C24A5BD7BFA /* RobotoMono-BoldItalic.ttf */ = {isa = PBXFileReference; explicitFileType = undefined; fileEncoding = 9; includeInIndex = 0; lastKnownFileType = unknown; name = "RobotoMono-BoldItalic.ttf"; path = "../assets/fonts/RobotoMono-BoldItalic.ttf"; sourceTree = "<group>"; };
		A7B9F418B01844639BFD50DE /* Roboto-Light.ttf */ = {isa = PBXFileReference; explicitFileType = undefined; fileEncoding = 9; includeInIndex = 0; lastKnownFileType = unknown; name = "Roboto-Light.ttf"; path = "../assets/fonts/Roboto/Roboto-Light.ttf"; sourceTree = "<group>"; };
		A9874D504D4B0719A3AB20F6 /* libPods-DigitalLibrary-DigitalLibraryTests.a */ = {isa = PBXFileReference; explicitFileType = archive.ar; includeInIndex = 0; path = "libPods-DigitalLibrary-DigitalLibraryTests.a"; sourceTree = BUILT_PRODUCTS_DIR; };
		AE9F09B63FAC4272A604A02A /* Roboto-Medium.ttf */ = {isa = PBXFileReference; explicitFileType = undefined; fileEncoding = 9; includeInIndex = 0; lastKnownFileType = unknown; name = "Roboto-Medium.ttf"; path = "../assets/fonts/Roboto/Roboto-Medium.ttf"; sourceTree = "<group>"; };
		B0890D095461FB2663DA454B /* Pods-DigitalLibrary-DigitalLibraryTests.debug.xcconfig */ = {isa = PBXFileReference; includeInIndex = 1; lastKnownFileType = text.xcconfig; name = "Pods-DigitalLibrary-DigitalLibraryTests.debug.xcconfig"; path = "Target Support Files/Pods-DigitalLibrary-DigitalLibraryTests/Pods-DigitalLibrary-DigitalLibraryTests.debug.xcconfig"; sourceTree = "<group>"; };
		BC077F77A41245FE96F6293F /* Roboto-BoldItalic.ttf */ = {isa = PBXFileReference; explicitFileType = undefined; fileEncoding = 9; includeInIndex = 0; lastKnownFileType = unknown; name = "Roboto-BoldItalic.ttf"; path = "../assets/fonts/Roboto/Roboto-BoldItalic.ttf"; sourceTree = "<group>"; };
		C45D08A0DAA04C43B576FF86 /* RobotoMono-ExtraLightItalic.ttf */ = {isa = PBXFileReference; explicitFileType = undefined; fileEncoding = 9; includeInIndex = 0; lastKnownFileType = unknown; name = "RobotoMono-ExtraLightItalic.ttf"; path = "../assets/fonts/RobotoMono-ExtraLightItalic.ttf"; sourceTree = "<group>"; };
		D1D62D52B4ED49A68726CA84 /* RobotoMono-Italic.ttf */ = {isa = PBXFileReference; explicitFileType = undefined; fileEncoding = 9; includeInIndex = 0; lastKnownFileType = unknown; name = "RobotoMono-Italic.ttf"; path = "../assets/fonts/RobotoMono-Italic.ttf"; sourceTree = "<group>"; };
		DD81B2BC1FFA4453E610A4A9 /* Pods-DigitalLibrary.release.xcconfig */ = {isa = PBXFileReference; includeInIndex = 1; lastKnownFileType = text.xcconfig; name = "Pods-DigitalLibrary.release.xcconfig"; path = "Target Support Files/Pods-DigitalLibrary/Pods-DigitalLibrary.release.xcconfig"; sourceTree = "<group>"; };
		E32D563985BD5FA90ACD88FB /* libPods-DigitalLibrary.a */ = {isa = PBXFileReference; explicitFileType = archive.ar; includeInIndex = 0; path = "libPods-DigitalLibrary.a"; sourceTree = BUILT_PRODUCTS_DIR; };
		E49ECC8E425C450AA43F1855 /* Roboto-ThinItalic.ttf */ = {isa = PBXFileReference; explicitFileType = undefined; fileEncoding = 9; includeInIndex = 0; lastKnownFileType = unknown; name = "Roboto-ThinItalic.ttf"; path = "../assets/fonts/Roboto/Roboto-ThinItalic.ttf"; sourceTree = "<group>"; };
		ED297162215061F000B7C4FE /* JavaScriptCore.framework */ = {isa = PBXFileReference; lastKnownFileType = wrapper.framework; name = JavaScriptCore.framework; path = System/Library/Frameworks/JavaScriptCore.framework; sourceTree = SDKROOT; };
		EE97838071E340859D39FA7C /* RobotoMono-Thin.ttf */ = {isa = PBXFileReference; explicitFileType = undefined; fileEncoding = 9; includeInIndex = 0; lastKnownFileType = unknown; name = "RobotoMono-Thin.ttf"; path = "../assets/fonts/RobotoMono-Thin.ttf"; sourceTree = "<group>"; };
		EF11880062154226ACF372E6 /* Roboto-MediumItalic.ttf */ = {isa = PBXFileReference; explicitFileType = undefined; fileEncoding = 9; includeInIndex = 0; lastKnownFileType = unknown; name = "Roboto-MediumItalic.ttf"; path = "../assets/fonts/Roboto/Roboto-MediumItalic.ttf"; sourceTree = "<group>"; };
/* End PBXFileReference section */

/* Begin PBXFrameworksBuildPhase section */
		00E356EB1AD99517003FC87E /* Frameworks */ = {
			isa = PBXFrameworksBuildPhase;
			buildActionMask = 2147483647;
			files = (
				AA20C85316423EBCA223AD0D /* libPods-DigitalLibrary-DigitalLibraryTests.a in Frameworks */,
			);
			runOnlyForDeploymentPostprocessing = 0;
		};
		13B07F8C1A680F5B00A75B9A /* Frameworks */ = {
			isa = PBXFrameworksBuildPhase;
			buildActionMask = 2147483647;
			files = (
				8E431704AA54899BDF98B911 /* libPods-DigitalLibrary.a in Frameworks */,
			);
			runOnlyForDeploymentPostprocessing = 0;
		};
/* End PBXFrameworksBuildPhase section */

/* Begin PBXGroup section */
		00E356EF1AD99517003FC87E /* DigitalLibraryTests */ = {
			isa = PBXGroup;
			children = (
				00E356F21AD99517003FC87E /* DigitalLibraryTests.m */,
				00E356F01AD99517003FC87E /* Supporting Files */,
			);
			path = DigitalLibraryTests;
			sourceTree = "<group>";
		};
		00E356F01AD99517003FC87E /* Supporting Files */ = {
			isa = PBXGroup;
			children = (
				00E356F11AD99517003FC87E /* Info.plist */,
			);
			name = "Supporting Files";
			sourceTree = "<group>";
		};
		13B07FAE1A68108700A75B9A /* DigitalLibrary */ = {
			isa = PBXGroup;
			children = (
				CC907BFD26928B0300CF69B7 /* Fonts */,
				13B07FAF1A68108700A75B9A /* AppDelegate.h */,
				13B07FB01A68108700A75B9A /* AppDelegate.m */,
				13B07FB51A68108700A75B9A /* Images.xcassets */,
				13B07FB61A68108700A75B9A /* Info.plist */,
				81AB9BB72411601600AC10FF /* LaunchScreen.storyboard */,
				13B07FB71A68108700A75B9A /* main.m */,
			);
			name = DigitalLibrary;
			sourceTree = "<group>";
		};
		2D16E6871FA4F8E400B85C8A /* Frameworks */ = {
			isa = PBXGroup;
			children = (
				ED297162215061F000B7C4FE /* JavaScriptCore.framework */,
				E32D563985BD5FA90ACD88FB /* libPods-DigitalLibrary.a */,
				A9874D504D4B0719A3AB20F6 /* libPods-DigitalLibrary-DigitalLibraryTests.a */,
			);
			name = Frameworks;
			sourceTree = "<group>";
		};
		4965BAB813F73B86627CE1CA /* Pods */ = {
			isa = PBXGroup;
			children = (
				7CD291250CF1128FDDC4511A /* Pods-DigitalLibrary.debug.xcconfig */,
				DD81B2BC1FFA4453E610A4A9 /* Pods-DigitalLibrary.release.xcconfig */,
				B0890D095461FB2663DA454B /* Pods-DigitalLibrary-DigitalLibraryTests.debug.xcconfig */,
				A1788369DD3C88C3D5809175 /* Pods-DigitalLibrary-DigitalLibraryTests.release.xcconfig */,
			);
			path = Pods;
			sourceTree = "<group>";
		};
		832341AE1AAA6A7D00B99B32 /* Libraries */ = {
			isa = PBXGroup;
			children = (
			);
			name = Libraries;
			sourceTree = "<group>";
		};
		83CBB9F61A601CBA00E9B192 = {
			isa = PBXGroup;
			children = (
				13B07FAE1A68108700A75B9A /* DigitalLibrary */,
				832341AE1AAA6A7D00B99B32 /* Libraries */,
				00E356EF1AD99517003FC87E /* DigitalLibraryTests */,
				83CBBA001A601CBA00E9B192 /* Products */,
				2D16E6871FA4F8E400B85C8A /* Frameworks */,
				4965BAB813F73B86627CE1CA /* Pods */,
				B7F1DF95605D44D4A74B6941 /* Resources */,
			);
			indentWidth = 2;
			sourceTree = "<group>";
			tabWidth = 2;
			usesTabs = 0;
		};
		83CBBA001A601CBA00E9B192 /* Products */ = {
			isa = PBXGroup;
			children = (
				13B07F961A680F5B00A75B9A /* DigitalLibrary.app */,
				00E356EE1AD99517003FC87E /* DigitalLibraryTests.xctest */,
			);
			name = Products;
			sourceTree = "<group>";
		};
		B7F1DF95605D44D4A74B6941 /* Resources */ = {
			isa = PBXGroup;
			children = (
				78A6B9FE66294C5F8D74E099 /* RobotoMono-Bold.ttf */,
				A4F50DC27F454C24A5BD7BFA /* RobotoMono-BoldItalic.ttf */,
				A4AD971A8157469A98AE2159 /* RobotoMono-ExtraLight.ttf */,
				C45D08A0DAA04C43B576FF86 /* RobotoMono-ExtraLightItalic.ttf */,
				D1D62D52B4ED49A68726CA84 /* RobotoMono-Italic.ttf */,
				45B50A0D3DF1468FB5F1E7C3 /* RobotoMono-Light.ttf */,
				18993D1C8D4848638B492862 /* RobotoMono-LightItalic.ttf */,
				16FD7606D2DA4422A8DEA3F0 /* RobotoMono-Medium.ttf */,
				53BB2D01875F41DFA903772F /* RobotoMono-MediumItalic.ttf */,
				20D39D3A4B744D6AA1468543 /* RobotoMono-Regular.ttf */,
				20F7B58F767843D4B169FE3D /* RobotoMono-SemiBold.ttf */,
				3EF2BA4A37754EAEB1B98B45 /* RobotoMono-SemiBoldItalic.ttf */,
				EE97838071E340859D39FA7C /* RobotoMono-Thin.ttf */,
				9933D596F70C43E2BEC6F023 /* RobotoMono-ThinItalic.ttf */,
				5EEF18F5020A4550829423AA /* Roboto-Black.ttf */,
				12CB9C72EA2D4C0F8E9A9E27 /* Roboto-BlackItalic.ttf */,
				2146FB87C3D74276B1EFAC8D /* Roboto-Bold.ttf */,
				BC077F77A41245FE96F6293F /* Roboto-BoldItalic.ttf */,
				48369FBEA88C4D09A3AD3999 /* Roboto-Italic.ttf */,
				A7B9F418B01844639BFD50DE /* Roboto-Light.ttf */,
				2043D446102D4ADD8F2FD389 /* Roboto-LightItalic.ttf */,
				AE9F09B63FAC4272A604A02A /* Roboto-Medium.ttf */,
				EF11880062154226ACF372E6 /* Roboto-MediumItalic.ttf */,
				0C23F0489D9C49CC94953AC6 /* Roboto-Regular.ttf */,
				9D72E48E8426422B97D5627D /* Roboto-Thin.ttf */,
				E49ECC8E425C450AA43F1855 /* Roboto-ThinItalic.ttf */,
			);
			name = Resources;
			sourceTree = "<group>";
		};
		CC907BFD26928B0300CF69B7 /* Fonts */ = {
			isa = PBXGroup;
			children = (
			);
			path = Fonts;
			sourceTree = "<group>";
		};
/* End PBXGroup section */

/* Begin PBXNativeTarget section */
		00E356ED1AD99517003FC87E /* DigitalLibraryTests */ = {
			isa = PBXNativeTarget;
			buildConfigurationList = 00E357021AD99517003FC87E /* Build configuration list for PBXNativeTarget "DigitalLibraryTests" */;
			buildPhases = (
				873877BA14DDFB74BDBC8B3E /* [CP] Check Pods Manifest.lock */,
				00E356EA1AD99517003FC87E /* Sources */,
				00E356EB1AD99517003FC87E /* Frameworks */,
				00E356EC1AD99517003FC87E /* Resources */,
				E7E8C837C6CA7269233A094A /* [CP] Embed Pods Frameworks */,
				F6C8D44A403B7C7CCD2F50C5 /* [CP] Copy Pods Resources */,
			);
			buildRules = (
			);
			dependencies = (
				00E356F51AD99517003FC87E /* PBXTargetDependency */,
			);
			name = DigitalLibraryTests;
			productName = DigitalLibraryTests;
			productReference = 00E356EE1AD99517003FC87E /* DigitalLibraryTests.xctest */;
			productType = "com.apple.product-type.bundle.unit-test";
		};
		13B07F861A680F5B00A75B9A /* DigitalLibrary */ = {
			isa = PBXNativeTarget;
			buildConfigurationList = 13B07F931A680F5B00A75B9A /* Build configuration list for PBXNativeTarget "DigitalLibrary" */;
			buildPhases = (
				307BEEE203BABEED53377FF0 /* [CP] Check Pods Manifest.lock */,
				FD10A7F022414F080027D42C /* Start Packager */,
				13B07F871A680F5B00A75B9A /* Sources */,
				13B07F8C1A680F5B00A75B9A /* Frameworks */,
				13B07F8E1A680F5B00A75B9A /* Resources */,
				00DD1BFF1BD5951E006B06BC /* Bundle React Native code and images */,
				AC4F9AAAFEE5FB394EA2A582 /* [CP] Embed Pods Frameworks */,
				E257AF80DDC6333E90C8304E /* [CP] Copy Pods Resources */,
			);
			buildRules = (
			);
			dependencies = (
			);
			name = DigitalLibrary;
			productName = DigitalLibrary;
			productReference = 13B07F961A680F5B00A75B9A /* DigitalLibrary.app */;
			productType = "com.apple.product-type.application";
		};
/* End PBXNativeTarget section */

/* Begin PBXProject section */
		83CBB9F71A601CBA00E9B192 /* Project object */ = {
			isa = PBXProject;
			attributes = {
				LastUpgradeCheck = 1210;
				TargetAttributes = {
					00E356ED1AD99517003FC87E = {
						CreatedOnToolsVersion = 6.2;
						TestTargetID = 13B07F861A680F5B00A75B9A;
					};
					13B07F861A680F5B00A75B9A = {
						LastSwiftMigration = 1120;
					};
				};
			};
			buildConfigurationList = 83CBB9FA1A601CBA00E9B192 /* Build configuration list for PBXProject "DigitalLibrary" */;
			compatibilityVersion = "Xcode 12.0";
			developmentRegion = en;
			hasScannedForEncodings = 0;
			knownRegions = (
				en,
				Base,
			);
			mainGroup = 83CBB9F61A601CBA00E9B192;
			productRefGroup = 83CBBA001A601CBA00E9B192 /* Products */;
			projectDirPath = "";
			projectRoot = "";
			targets = (
				13B07F861A680F5B00A75B9A /* DigitalLibrary */,
				00E356ED1AD99517003FC87E /* DigitalLibraryTests */,
			);
		};
/* End PBXProject section */

/* Begin PBXResourcesBuildPhase section */
		00E356EC1AD99517003FC87E /* Resources */ = {
			isa = PBXResourcesBuildPhase;
			buildActionMask = 2147483647;
			files = (
			);
			runOnlyForDeploymentPostprocessing = 0;
		};
		13B07F8E1A680F5B00A75B9A /* Resources */ = {
			isa = PBXResourcesBuildPhase;
			buildActionMask = 2147483647;
			files = (
				81AB9BB82411601600AC10FF /* LaunchScreen.storyboard in Resources */,
				13B07FBF1A68108700A75B9A /* Images.xcassets in Resources */,
				B2715C063079477B851200CD /* RobotoMono-Bold.ttf in Resources */,
				539BD28FDCE041B3827E96F6 /* RobotoMono-BoldItalic.ttf in Resources */,
				7FFA5E3EDC3745D3BF08916B /* RobotoMono-ExtraLight.ttf in Resources */,
				27F0DCE7473F4FC7914AEDAA /* RobotoMono-ExtraLightItalic.ttf in Resources */,
				724BA24649BA449984EB4186 /* RobotoMono-Italic.ttf in Resources */,
				37C81BEE8C1248C58ACEB140 /* RobotoMono-Light.ttf in Resources */,
				B0476F7A001E4D80A1313F38 /* RobotoMono-LightItalic.ttf in Resources */,
				EAF8266EF4C840C6AA500D5F /* RobotoMono-Medium.ttf in Resources */,
				E1E0B7A1C93A4C2FA6F09E98 /* RobotoMono-MediumItalic.ttf in Resources */,
				DCD8FEA0535947628698BB23 /* RobotoMono-Regular.ttf in Resources */,
				FAC21FE89CA9463F93C2F331 /* RobotoMono-SemiBold.ttf in Resources */,
				B0024D0E3FCC411E857ACFD6 /* RobotoMono-SemiBoldItalic.ttf in Resources */,
				2497720D0BB54AA7987BD660 /* RobotoMono-Thin.ttf in Resources */,
				CB49592986414C288138BB34 /* RobotoMono-ThinItalic.ttf in Resources */,
				8E2DEC0DA19A4F80ABBB7235 /* Roboto-Black.ttf in Resources */,
				291FA7197A55467C98389F73 /* Roboto-BlackItalic.ttf in Resources */,
				CF1395E09B644FF58AB37A3F /* Roboto-Bold.ttf in Resources */,
				BFDD4F55A9544857AA936EC8 /* Roboto-BoldItalic.ttf in Resources */,
				220F22E2F57A4C2C8BFB17EF /* Roboto-Italic.ttf in Resources */,
				17C5AD79B39245BC9BBC288A /* Roboto-Light.ttf in Resources */,
				F420F3E3AB5B436DA0DBCBFC /* Roboto-LightItalic.ttf in Resources */,
				5EAEB40EE4394C77A11A5488 /* Roboto-Medium.ttf in Resources */,
				2E999A3FD8534AB8836A4787 /* Roboto-MediumItalic.ttf in Resources */,
				93C0286AD9B0498E82C37C72 /* Roboto-Regular.ttf in Resources */,
				C23AA2A636B6496E92CD8B15 /* Roboto-Thin.ttf in Resources */,
				AD957EF671C64B4A9FDF996B /* Roboto-ThinItalic.ttf in Resources */,
			);
			runOnlyForDeploymentPostprocessing = 0;
		};
/* End PBXResourcesBuildPhase section */

/* Begin PBXShellScriptBuildPhase section */
		00DD1BFF1BD5951E006B06BC /* Bundle React Native code and images */ = {
			isa = PBXShellScriptBuildPhase;
			buildActionMask = 2147483647;
			files = (
			);
			inputPaths = (
			);
			name = "Bundle React Native code and images";
			outputPaths = (
			);
			runOnlyForDeploymentPostprocessing = 0;
			shellPath = /bin/sh;
			shellScript = "set -e\n\nexport NODE_BINARY=node\n../node_modules/react-native/scripts/react-native-xcode.sh\n";
		};
		307BEEE203BABEED53377FF0 /* [CP] Check Pods Manifest.lock */ = {
			isa = PBXShellScriptBuildPhase;
			buildActionMask = 2147483647;
			files = (
			);
			inputFileListPaths = (
			);
			inputPaths = (
				"${PODS_PODFILE_DIR_PATH}/Podfile.lock",
				"${PODS_ROOT}/Manifest.lock",
			);
			name = "[CP] Check Pods Manifest.lock";
			outputFileListPaths = (
			);
			outputPaths = (
				"$(DERIVED_FILE_DIR)/Pods-DigitalLibrary-checkManifestLockResult.txt",
			);
			runOnlyForDeploymentPostprocessing = 0;
			shellPath = /bin/sh;
			shellScript = "diff \"${PODS_PODFILE_DIR_PATH}/Podfile.lock\" \"${PODS_ROOT}/Manifest.lock\" > /dev/null\nif [ $? != 0 ] ; then\n    # print error to STDERR\n    echo \"error: The sandbox is not in sync with the Podfile.lock. Run 'pod install' or update your CocoaPods installation.\" >&2\n    exit 1\nfi\n# This output is used by Xcode 'outputs' to avoid re-running this script phase.\necho \"SUCCESS\" > \"${SCRIPT_OUTPUT_FILE_0}\"\n";
			showEnvVarsInLog = 0;
		};
		873877BA14DDFB74BDBC8B3E /* [CP] Check Pods Manifest.lock */ = {
			isa = PBXShellScriptBuildPhase;
			buildActionMask = 2147483647;
			files = (
			);
			inputFileListPaths = (
			);
			inputPaths = (
				"${PODS_PODFILE_DIR_PATH}/Podfile.lock",
				"${PODS_ROOT}/Manifest.lock",
			);
			name = "[CP] Check Pods Manifest.lock";
			outputFileListPaths = (
			);
			outputPaths = (
				"$(DERIVED_FILE_DIR)/Pods-DigitalLibrary-DigitalLibraryTests-checkManifestLockResult.txt",
			);
			runOnlyForDeploymentPostprocessing = 0;
			shellPath = /bin/sh;
			shellScript = "diff \"${PODS_PODFILE_DIR_PATH}/Podfile.lock\" \"${PODS_ROOT}/Manifest.lock\" > /dev/null\nif [ $? != 0 ] ; then\n    # print error to STDERR\n    echo \"error: The sandbox is not in sync with the Podfile.lock. Run 'pod install' or update your CocoaPods installation.\" >&2\n    exit 1\nfi\n# This output is used by Xcode 'outputs' to avoid re-running this script phase.\necho \"SUCCESS\" > \"${SCRIPT_OUTPUT_FILE_0}\"\n";
			showEnvVarsInLog = 0;
		};
		AC4F9AAAFEE5FB394EA2A582 /* [CP] Embed Pods Frameworks */ = {
			isa = PBXShellScriptBuildPhase;
			buildActionMask = 2147483647;
			files = (
			);
			inputFileListPaths = (
				"${PODS_ROOT}/Target Support Files/Pods-DigitalLibrary/Pods-DigitalLibrary-frameworks-${CONFIGURATION}-input-files.xcfilelist",
			);
			name = "[CP] Embed Pods Frameworks";
			outputFileListPaths = (
				"${PODS_ROOT}/Target Support Files/Pods-DigitalLibrary/Pods-DigitalLibrary-frameworks-${CONFIGURATION}-output-files.xcfilelist",
			);
			runOnlyForDeploymentPostprocessing = 0;
			shellPath = /bin/sh;
			shellScript = "\"${PODS_ROOT}/Target Support Files/Pods-DigitalLibrary/Pods-DigitalLibrary-frameworks.sh\"\n";
			showEnvVarsInLog = 0;
		};
		E257AF80DDC6333E90C8304E /* [CP] Copy Pods Resources */ = {
			isa = PBXShellScriptBuildPhase;
			buildActionMask = 2147483647;
			files = (
			);
			inputFileListPaths = (
				"${PODS_ROOT}/Target Support Files/Pods-DigitalLibrary/Pods-DigitalLibrary-resources-${CONFIGURATION}-input-files.xcfilelist",
			);
			name = "[CP] Copy Pods Resources";
			outputFileListPaths = (
				"${PODS_ROOT}/Target Support Files/Pods-DigitalLibrary/Pods-DigitalLibrary-resources-${CONFIGURATION}-output-files.xcfilelist",
			);
			runOnlyForDeploymentPostprocessing = 0;
			shellPath = /bin/sh;
			shellScript = "\"${PODS_ROOT}/Target Support Files/Pods-DigitalLibrary/Pods-DigitalLibrary-resources.sh\"\n";
			showEnvVarsInLog = 0;
		};
		E7E8C837C6CA7269233A094A /* [CP] Embed Pods Frameworks */ = {
			isa = PBXShellScriptBuildPhase;
			buildActionMask = 2147483647;
			files = (
			);
			inputFileListPaths = (
				"${PODS_ROOT}/Target Support Files/Pods-DigitalLibrary-DigitalLibraryTests/Pods-DigitalLibrary-DigitalLibraryTests-frameworks-${CONFIGURATION}-input-files.xcfilelist",
			);
			name = "[CP] Embed Pods Frameworks";
			outputFileListPaths = (
				"${PODS_ROOT}/Target Support Files/Pods-DigitalLibrary-DigitalLibraryTests/Pods-DigitalLibrary-DigitalLibraryTests-frameworks-${CONFIGURATION}-output-files.xcfilelist",
			);
			runOnlyForDeploymentPostprocessing = 0;
			shellPath = /bin/sh;
			shellScript = "\"${PODS_ROOT}/Target Support Files/Pods-DigitalLibrary-DigitalLibraryTests/Pods-DigitalLibrary-DigitalLibraryTests-frameworks.sh\"\n";
			showEnvVarsInLog = 0;
		};
		F6C8D44A403B7C7CCD2F50C5 /* [CP] Copy Pods Resources */ = {
			isa = PBXShellScriptBuildPhase;
			buildActionMask = 2147483647;
			files = (
			);
			inputFileListPaths = (
				"${PODS_ROOT}/Target Support Files/Pods-DigitalLibrary-DigitalLibraryTests/Pods-DigitalLibrary-DigitalLibraryTests-resources-${CONFIGURATION}-input-files.xcfilelist",
			);
			name = "[CP] Copy Pods Resources";
			outputFileListPaths = (
				"${PODS_ROOT}/Target Support Files/Pods-DigitalLibrary-DigitalLibraryTests/Pods-DigitalLibrary-DigitalLibraryTests-resources-${CONFIGURATION}-output-files.xcfilelist",
			);
			runOnlyForDeploymentPostprocessing = 0;
			shellPath = /bin/sh;
			shellScript = "\"${PODS_ROOT}/Target Support Files/Pods-DigitalLibrary-DigitalLibraryTests/Pods-DigitalLibrary-DigitalLibraryTests-resources.sh\"\n";
			showEnvVarsInLog = 0;
		};
		FD10A7F022414F080027D42C /* Start Packager */ = {
			isa = PBXShellScriptBuildPhase;
			buildActionMask = 2147483647;
			files = (
			);
			inputFileListPaths = (
			);
			inputPaths = (
			);
			name = "Start Packager";
			outputFileListPaths = (
			);
			outputPaths = (
			);
			runOnlyForDeploymentPostprocessing = 0;
			shellPath = /bin/sh;
			shellScript = "export RCT_METRO_PORT=\"${RCT_METRO_PORT:=8081}\"\necho \"export RCT_METRO_PORT=${RCT_METRO_PORT}\" > \"${SRCROOT}/../node_modules/react-native/scripts/.packager.env\"\nif [ -z \"${RCT_NO_LAUNCH_PACKAGER+xxx}\" ] ; then\n  if nc -w 5 -z localhost ${RCT_METRO_PORT} ; then\n    if ! curl -s \"http://localhost:${RCT_METRO_PORT}/status\" | grep -q \"packager-status:running\" ; then\n      echo \"Port ${RCT_METRO_PORT} already in use, packager is either not running or not running correctly\"\n      exit 2\n    fi\n  else\n    open \"$SRCROOT/../node_modules/react-native/scripts/launchPackager.command\" || echo \"Can't start packager automatically\"\n  fi\nfi\n";
			showEnvVarsInLog = 0;
		};
/* End PBXShellScriptBuildPhase section */

/* Begin PBXSourcesBuildPhase section */
		00E356EA1AD99517003FC87E /* Sources */ = {
			isa = PBXSourcesBuildPhase;
			buildActionMask = 2147483647;
			files = (
				00E356F31AD99517003FC87E /* DigitalLibraryTests.m in Sources */,
			);
			runOnlyForDeploymentPostprocessing = 0;
		};
		13B07F871A680F5B00A75B9A /* Sources */ = {
			isa = PBXSourcesBuildPhase;
			buildActionMask = 2147483647;
			files = (
				13B07FBC1A68108700A75B9A /* AppDelegate.m in Sources */,
				13B07FC11A68108700A75B9A /* main.m in Sources */,
			);
			runOnlyForDeploymentPostprocessing = 0;
		};
/* End PBXSourcesBuildPhase section */

/* Begin PBXTargetDependency section */
		00E356F51AD99517003FC87E /* PBXTargetDependency */ = {
			isa = PBXTargetDependency;
			target = 13B07F861A680F5B00A75B9A /* DigitalLibrary */;
			targetProxy = 00E356F41AD99517003FC87E /* PBXContainerItemProxy */;
		};
/* End PBXTargetDependency section */

/* Begin XCBuildConfiguration section */
		00E356F61AD99517003FC87E /* Debug */ = {
			isa = XCBuildConfiguration;
			baseConfigurationReference = B0890D095461FB2663DA454B /* Pods-DigitalLibrary-DigitalLibraryTests.debug.xcconfig */;
			buildSettings = {
				BUNDLE_LOADER = "$(TEST_HOST)";
				GCC_PREPROCESSOR_DEFINITIONS = (
					"DEBUG=1",
					"$(inherited)",
				);
				INFOPLIST_FILE = DigitalLibraryTests/Info.plist;
				IPHONEOS_DEPLOYMENT_TARGET = 10.0;
				LD_RUNPATH_SEARCH_PATHS = (
					"$(inherited)",
					"@executable_path/Frameworks",
					"@loader_path/Frameworks",
				);
				OTHER_LDFLAGS = (
					"-ObjC",
					"-lc++",
					"$(inherited)",
				);
				PRODUCT_BUNDLE_IDENTIFIER = "org.reactjs.native.example.$(PRODUCT_NAME:rfc1034identifier)";
				PRODUCT_NAME = "$(TARGET_NAME)";
				TEST_HOST = "$(BUILT_PRODUCTS_DIR)/DigitalLibrary.app/DigitalLibrary";
			};
			name = Debug;
		};
		00E356F71AD99517003FC87E /* Release */ = {
			isa = XCBuildConfiguration;
			baseConfigurationReference = A1788369DD3C88C3D5809175 /* Pods-DigitalLibrary-DigitalLibraryTests.release.xcconfig */;
			buildSettings = {
				BUNDLE_LOADER = "$(TEST_HOST)";
				COPY_PHASE_STRIP = NO;
				INFOPLIST_FILE = DigitalLibraryTests/Info.plist;
				IPHONEOS_DEPLOYMENT_TARGET = 10.0;
				LD_RUNPATH_SEARCH_PATHS = (
					"$(inherited)",
					"@executable_path/Frameworks",
					"@loader_path/Frameworks",
				);
				OTHER_LDFLAGS = (
					"-ObjC",
					"-lc++",
					"$(inherited)",
				);
				PRODUCT_BUNDLE_IDENTIFIER = "org.reactjs.native.example.$(PRODUCT_NAME:rfc1034identifier)";
				PRODUCT_NAME = "$(TARGET_NAME)";
				TEST_HOST = "$(BUILT_PRODUCTS_DIR)/DigitalLibrary.app/DigitalLibrary";
			};
			name = Release;
		};
		13B07F941A680F5B00A75B9A /* Debug */ = {
			isa = XCBuildConfiguration;
			baseConfigurationReference = 7CD291250CF1128FDDC4511A /* Pods-DigitalLibrary.debug.xcconfig */;
			buildSettings = {
				ASSETCATALOG_COMPILER_APPICON_NAME = AppIcon;
				CLANG_ENABLE_MODULES = YES;
				CURRENT_PROJECT_VERSION = 1;
				ENABLE_BITCODE = NO;
				INFOPLIST_FILE = DigitalLibrary/Info.plist;
				LD_RUNPATH_SEARCH_PATHS = (
					"$(inherited)",
					"@executable_path/Frameworks",
				);
				OTHER_LDFLAGS = (
					"$(inherited)",
					"-ObjC",
					"-lc++",
				);
				PRODUCT_BUNDLE_IDENTIFIER = "org.reactjs.native.example.$(PRODUCT_NAME:rfc1034identifier)";
				PRODUCT_NAME = DigitalLibrary;
				SWIFT_OPTIMIZATION_LEVEL = "-Onone";
				SWIFT_VERSION = 5.0;
				VERSIONING_SYSTEM = "apple-generic";
			};
			name = Debug;
		};
		13B07F951A680F5B00A75B9A /* Release */ = {
			isa = XCBuildConfiguration;
			baseConfigurationReference = DD81B2BC1FFA4453E610A4A9 /* Pods-DigitalLibrary.release.xcconfig */;
			buildSettings = {
				ASSETCATALOG_COMPILER_APPICON_NAME = AppIcon;
				CLANG_ENABLE_MODULES = YES;
				CURRENT_PROJECT_VERSION = 1;
				INFOPLIST_FILE = DigitalLibrary/Info.plist;
				LD_RUNPATH_SEARCH_PATHS = (
					"$(inherited)",
					"@executable_path/Frameworks",
				);
				OTHER_LDFLAGS = (
					"$(inherited)",
					"-ObjC",
					"-lc++",
				);
				PRODUCT_BUNDLE_IDENTIFIER = "org.reactjs.native.example.$(PRODUCT_NAME:rfc1034identifier)";
				PRODUCT_NAME = DigitalLibrary;
				SWIFT_VERSION = 5.0;
				VERSIONING_SYSTEM = "apple-generic";
			};
			name = Release;
		};
		83CBBA201A601CBA00E9B192 /* Debug */ = {
			isa = XCBuildConfiguration;
			buildSettings = {
				ALWAYS_SEARCH_USER_PATHS = NO;
				CLANG_ANALYZER_LOCALIZABILITY_NONLOCALIZED = YES;
				CLANG_CXX_LANGUAGE_STANDARD = "gnu++0x";
				CLANG_CXX_LIBRARY = "libc++";
				CLANG_ENABLE_MODULES = YES;
				CLANG_ENABLE_OBJC_ARC = YES;
				CLANG_WARN_BLOCK_CAPTURE_AUTORELEASING = YES;
				CLANG_WARN_BOOL_CONVERSION = YES;
				CLANG_WARN_COMMA = YES;
				CLANG_WARN_CONSTANT_CONVERSION = YES;
				CLANG_WARN_DEPRECATED_OBJC_IMPLEMENTATIONS = YES;
				CLANG_WARN_DIRECT_OBJC_ISA_USAGE = YES_ERROR;
				CLANG_WARN_EMPTY_BODY = YES;
				CLANG_WARN_ENUM_CONVERSION = YES;
				CLANG_WARN_INFINITE_RECURSION = YES;
				CLANG_WARN_INT_CONVERSION = YES;
				CLANG_WARN_NON_LITERAL_NULL_CONVERSION = YES;
				CLANG_WARN_OBJC_IMPLICIT_RETAIN_SELF = YES;
				CLANG_WARN_OBJC_LITERAL_CONVERSION = YES;
				CLANG_WARN_OBJC_ROOT_CLASS = YES_ERROR;
				CLANG_WARN_QUOTED_INCLUDE_IN_FRAMEWORK_HEADER = YES;
				CLANG_WARN_RANGE_LOOP_ANALYSIS = YES;
				CLANG_WARN_STRICT_PROTOTYPES = YES;
				CLANG_WARN_SUSPICIOUS_MOVE = YES;
				CLANG_WARN_UNREACHABLE_CODE = YES;
				CLANG_WARN__DUPLICATE_METHOD_MATCH = YES;
				"CODE_SIGN_IDENTITY[sdk=iphoneos*]" = "iPhone Developer";
				COPY_PHASE_STRIP = NO;
				ENABLE_STRICT_OBJC_MSGSEND = YES;
				ENABLE_TESTABILITY = YES;
				"EXCLUDED_ARCHS[sdk=iphonesimulator*]" = "arm64 ";
				GCC_C_LANGUAGE_STANDARD = gnu99;
				GCC_DYNAMIC_NO_PIC = NO;
				GCC_NO_COMMON_BLOCKS = YES;
				GCC_OPTIMIZATION_LEVEL = 0;
				GCC_PREPROCESSOR_DEFINITIONS = (
					"DEBUG=1",
					"$(inherited)",
				);
				GCC_SYMBOLS_PRIVATE_EXTERN = NO;
				GCC_WARN_64_TO_32_BIT_CONVERSION = YES;
				GCC_WARN_ABOUT_RETURN_TYPE = YES_ERROR;
				GCC_WARN_UNDECLARED_SELECTOR = YES;
				GCC_WARN_UNINITIALIZED_AUTOS = YES_AGGRESSIVE;
				GCC_WARN_UNUSED_FUNCTION = YES;
				GCC_WARN_UNUSED_VARIABLE = YES;
				IPHONEOS_DEPLOYMENT_TARGET = 10.0;
				LD_RUNPATH_SEARCH_PATHS = (
					/usr/lib/swift,
					"$(inherited)",
				);
				LIBRARY_SEARCH_PATHS = (
					"\"$(TOOLCHAIN_DIR)/usr/lib/swift/$(PLATFORM_NAME)\"",
					"\"$(TOOLCHAIN_DIR)/usr/lib/swift-5.0/$(PLATFORM_NAME)\"",
					"\"$(inherited)\"",
				);
				MTL_ENABLE_DEBUG_INFO = YES;
				ONLY_ACTIVE_ARCH = YES;
				SDKROOT = iphoneos;
			};
			name = Debug;
		};
		83CBBA211A601CBA00E9B192 /* Release */ = {
			isa = XCBuildConfiguration;
			buildSettings = {
				ALWAYS_SEARCH_USER_PATHS = NO;
				CLANG_ANALYZER_LOCALIZABILITY_NONLOCALIZED = YES;
				CLANG_CXX_LANGUAGE_STANDARD = "gnu++0x";
				CLANG_CXX_LIBRARY = "libc++";
				CLANG_ENABLE_MODULES = YES;
				CLANG_ENABLE_OBJC_ARC = YES;
				CLANG_WARN_BLOCK_CAPTURE_AUTORELEASING = YES;
				CLANG_WARN_BOOL_CONVERSION = YES;
				CLANG_WARN_COMMA = YES;
				CLANG_WARN_CONSTANT_CONVERSION = YES;
				CLANG_WARN_DEPRECATED_OBJC_IMPLEMENTATIONS = YES;
				CLANG_WARN_DIRECT_OBJC_ISA_USAGE = YES_ERROR;
				CLANG_WARN_EMPTY_BODY = YES;
				CLANG_WARN_ENUM_CONVERSION = YES;
				CLANG_WARN_INFINITE_RECURSION = YES;
				CLANG_WARN_INT_CONVERSION = YES;
				CLANG_WARN_NON_LITERAL_NULL_CONVERSION = YES;
				CLANG_WARN_OBJC_IMPLICIT_RETAIN_SELF = YES;
				CLANG_WARN_OBJC_LITERAL_CONVERSION = YES;
				CLANG_WARN_OBJC_ROOT_CLASS = YES_ERROR;
				CLANG_WARN_QUOTED_INCLUDE_IN_FRAMEWORK_HEADER = YES;
				CLANG_WARN_RANGE_LOOP_ANALYSIS = YES;
				CLANG_WARN_STRICT_PROTOTYPES = YES;
				CLANG_WARN_SUSPICIOUS_MOVE = YES;
				CLANG_WARN_UNREACHABLE_CODE = YES;
				CLANG_WARN__DUPLICATE_METHOD_MATCH = YES;
				"CODE_SIGN_IDENTITY[sdk=iphoneos*]" = "iPhone Developer";
				COPY_PHASE_STRIP = YES;
				ENABLE_NS_ASSERTIONS = NO;
				ENABLE_STRICT_OBJC_MSGSEND = YES;
				"EXCLUDED_ARCHS[sdk=iphonesimulator*]" = "arm64 ";
				GCC_C_LANGUAGE_STANDARD = gnu99;
				GCC_NO_COMMON_BLOCKS = YES;
				GCC_WARN_64_TO_32_BIT_CONVERSION = YES;
				GCC_WARN_ABOUT_RETURN_TYPE = YES_ERROR;
				GCC_WARN_UNDECLARED_SELECTOR = YES;
				GCC_WARN_UNINITIALIZED_AUTOS = YES_AGGRESSIVE;
				GCC_WARN_UNUSED_FUNCTION = YES;
				GCC_WARN_UNUSED_VARIABLE = YES;
				IPHONEOS_DEPLOYMENT_TARGET = 10.0;
				LD_RUNPATH_SEARCH_PATHS = (
					/usr/lib/swift,
					"$(inherited)",
				);
				LIBRARY_SEARCH_PATHS = (
					"\"$(TOOLCHAIN_DIR)/usr/lib/swift/$(PLATFORM_NAME)\"",
					"\"$(TOOLCHAIN_DIR)/usr/lib/swift-5.0/$(PLATFORM_NAME)\"",
					"\"$(inherited)\"",
				);
				MTL_ENABLE_DEBUG_INFO = NO;
				SDKROOT = iphoneos;
				VALIDATE_PRODUCT = YES;
			};
			name = Release;
		};
/* End XCBuildConfiguration section */

/* Begin XCConfigurationList section */
		00E357021AD99517003FC87E /* Build configuration list for PBXNativeTarget "DigitalLibraryTests" */ = {
			isa = XCConfigurationList;
			buildConfigurations = (
				00E356F61AD99517003FC87E /* Debug */,
				00E356F71AD99517003FC87E /* Release */,
			);
			defaultConfigurationIsVisible = 0;
			defaultConfigurationName = Release;
		};
		13B07F931A680F5B00A75B9A /* Build configuration list for PBXNativeTarget "DigitalLibrary" */ = {
			isa = XCConfigurationList;
			buildConfigurations = (
				13B07F941A680F5B00A75B9A /* Debug */,
				13B07F951A680F5B00A75B9A /* Release */,
			);
			defaultConfigurationIsVisible = 0;
			defaultConfigurationName = Release;
		};
		83CBB9FA1A601CBA00E9B192 /* Build configuration list for PBXProject "DigitalLibrary" */ = {
			isa = XCConfigurationList;
			buildConfigurations = (
				83CBBA201A601CBA00E9B192 /* Debug */,
				83CBBA211A601CBA00E9B192 /* Release */,
			);
			defaultConfigurationIsVisible = 0;
			defaultConfigurationName = Release;
		};
/* End XCConfigurationList section */
	};
	rootObject = 83CBB9F71A601CBA00E9B192 /* Project object */;
}
